
Microsoft Visual Studio Solution File, Format Version 12.00
# Visual Studio 15
VisualStudioVersion = 15.0.26730.12
MinimumVisualStudioVersion = 10.0.40219.1
Project("{9A19103F-16F7-4668-BE54-9A1E7A4F7556}") = "Chilindo.Core", "Chilindo.Core\Chilindo.Core.csproj", "{F8E5F44D-1E16-46F8-9961-F6EBB2B6EBBE}"
EndProject
Project("{9A19103F-16F7-4668-BE54-9A1E7A4F7556}") = "Chilindo.Data", "Chilindo.Data\Chilindo.Data.csproj", "{7EDD2A3F-C7CD-4039-8074-81A8E669CEC2}"
EndProject
Project("{9A19103F-16F7-4668-BE54-9A1E7A4F7556}") = "Chilindo.Tests.Unit", "Chilindo.Tests.Unit\Chilindo.Tests.Unit.csproj", "{450ADF2D-3C40-4639-B4F5-F1FC1F67CCBC}"
EndProject
Project("{9A19103F-16F7-4668-BE54-9A1E7A4F7556}") = "Chilindo.React", "Chilindo.React\Chilindo.React.csproj", "{87003F73-14D0-4572-B470-8AB507A93AD4}"
EndProject
Project("{9A19103F-16F7-4668-BE54-9A1E7A4F7556}") = "Chilindo.Api", "Chilindo.Api\Chilindo.Api.csproj", "{65BCA39D-B225-4CFF-B3BE-8BE9771DF9C6}"
EndProject
Global
	GlobalSection(SolutionConfigurationPlatforms) = preSolution
		Debug|Any CPU = Debug|Any CPU
		Release|Any CPU = Release|Any CPU
	EndGlobalSection
	GlobalSection(ProjectConfigurationPlatforms) = postSolution
		{F8E5F44D-1E16-46F8-9961-F6EBB2B6EBBE}.Debug|Any CPU.ActiveCfg = Debug|Any CPU
		{F8E5F44D-1E16-46F8-9961-F6EBB2B6EBBE}.Debug|Any CPU.Build.0 = Debug|Any CPU
		{F8E5F44D-1E16-46F8-9961-F6EBB2B6EBBE}.Release|Any CPU.ActiveCfg = Release|Any CPU
		{F8E5F44D-1E16-46F8-9961-F6EBB2B6EBBE}.Release|Any CPU.Build.0 = Release|Any CPU
		{7EDD2A3F-C7CD-4039-8074-81A8E669CEC2}.Debug|Any CPU.ActiveCfg = Debug|Any CPU
		{7EDD2A3F-C7CD-4039-8074-81A8E669CEC2}.Debug|Any CPU.Build.0 = Debug|Any CPU
		{7EDD2A3F-C7CD-4039-8074-81A8E669CEC2}.Release|Any CPU.ActiveCfg = Release|Any CPU
		{7EDD2A3F-C7CD-4039-8074-81A8E669CEC2}.Release|Any CPU.Build.0 = Release|Any CPU
		{450ADF2D-3C40-4639-B4F5-F1FC1F67CCBC}.Debug|Any CPU.ActiveCfg = Debug|Any CPU
		{450ADF2D-3C40-4639-B4F5-F1FC1F67CCBC}.Debug|Any CPU.Build.0 = Debug|Any CPU
		{450ADF2D-3C40-4639-B4F5-F1FC1F67CCBC}.Release|Any CPU.ActiveCfg = Release|Any CPU
		{450ADF2D-3C40-4639-B4F5-F1FC1F67CCBC}.Release|Any CPU.Build.0 = Release|Any CPU
		{87003F73-14D0-4572-B470-8AB507A93AD4}.Debug|Any CPU.ActiveCfg = Debug|Any CPU
		{87003F73-14D0-4572-B470-8AB507A93AD4}.Debug|Any CPU.Build.0 = Debug|Any CPU
		{87003F73-14D0-4572-B470-8AB507A93AD4}.Release|Any CPU.ActiveCfg = Release|Any CPU
		{87003F73-14D0-4572-B470-8AB507A93AD4}.Release|Any CPU.Build.0 = Release|Any CPU
		{65BCA39D-B225-4CFF-B3BE-8BE9771DF9C6}.Debug|Any CPU.ActiveCfg = Debug|Any CPU
		{65BCA39D-B225-4CFF-B3BE-8BE9771DF9C6}.Debug|Any CPU.Build.0 = Debug|Any CPU
		{65BCA39D-B225-4CFF-B3BE-8BE9771DF9C6}.Release|Any CPU.ActiveCfg = Release|Any CPU
		{65BCA39D-B225-4CFF-B3BE-8BE9771DF9C6}.Release|Any CPU.Build.0 = Release|Any CPU
	EndGlobalSection
	GlobalSection(SolutionProperties) = preSolution
		HideSolutionNode = FALSE
	EndGlobalSection
	GlobalSection(ExtensibilityGlobals) = postSolution
		SolutionGuid = {E215C4FC-7D11-42C1-B388-27B50E3E706B}
	EndGlobalSection
EndGlobal
