
Microsoft Visual Studio Solution File, Format Version 12.00
# Visual Studio 15
VisualStudioVersion = 15.0.26730.12
MinimumVisualStudioVersion = 10.0.40219.1
Project("{9A19103F-16F7-4668-BE54-9A1E7A4F7556}") = "Chillindo.Api", "Chillindo.Api\Chillindo.Api.csproj", "{FB49DD2C-4ED5-46CE-B60D-64C028A9F1B3}"
EndProject
Project("{9A19103F-16F7-4668-BE54-9A1E7A4F7556}") = "Chillindo.Core", "Chillindo.Core\Chillindo.Core.csproj", "{0CAA774D-6D2E-4B94-8FD4-A127D6FED68E}"
EndProject
Project("{9A19103F-16F7-4668-BE54-9A1E7A4F7556}") = "Chillindo.Data", "Chillindo.Data\Chillindo.Data.csproj", "{8A224765-2E68-4CA4-8717-9EE9B544AE86}"
EndProject
Project("{9A19103F-16F7-4668-BE54-9A1E7A4F7556}") = "Chillindo.Tests.Unit", "Chillindo.Tests.Unit\Chillindo.Tests.Unit.csproj", "{87350002-C37E-4637-BC35-68D8681EB5CF}"
EndProject
Project("{FAE04EC0-301F-11D3-BF4B-00C04F79EFBC}") = "Chillindo.React", "Chillindo.React\Chillindo.React.csproj", "{C97F0DAF-7704-42D9-858E-BD0086374263}"
EndProject
Global
	GlobalSection(SolutionConfigurationPlatforms) = preSolution
		Debug|Any CPU = Debug|Any CPU
		Release|Any CPU = Release|Any CPU
	EndGlobalSection
	GlobalSection(ProjectConfigurationPlatforms) = postSolution
		{FB49DD2C-4ED5-46CE-B60D-64C028A9F1B3}.Debug|Any CPU.ActiveCfg = Debug|Any CPU
		{FB49DD2C-4ED5-46CE-B60D-64C028A9F1B3}.Debug|Any CPU.Build.0 = Debug|Any CPU
		{FB49DD2C-4ED5-46CE-B60D-64C028A9F1B3}.Release|Any CPU.ActiveCfg = Release|Any CPU
		{FB49DD2C-4ED5-46CE-B60D-64C028A9F1B3}.Release|Any CPU.Build.0 = Release|Any CPU
		{0CAA774D-6D2E-4B94-8FD4-A127D6FED68E}.Debug|Any CPU.ActiveCfg = Debug|Any CPU
		{0CAA774D-6D2E-4B94-8FD4-A127D6FED68E}.Debug|Any CPU.Build.0 = Debug|Any CPU
		{0CAA774D-6D2E-4B94-8FD4-A127D6FED68E}.Release|Any CPU.ActiveCfg = Release|Any CPU
		{0CAA774D-6D2E-4B94-8FD4-A127D6FED68E}.Release|Any CPU.Build.0 = Release|Any CPU
		{8A224765-2E68-4CA4-8717-9EE9B544AE86}.Debug|Any CPU.ActiveCfg = Debug|Any CPU
		{8A224765-2E68-4CA4-8717-9EE9B544AE86}.Debug|Any CPU.Build.0 = Debug|Any CPU
		{8A224765-2E68-4CA4-8717-9EE9B544AE86}.Release|Any CPU.ActiveCfg = Release|Any CPU
		{8A224765-2E68-4CA4-8717-9EE9B544AE86}.Release|Any CPU.Build.0 = Release|Any CPU
		{87350002-C37E-4637-BC35-68D8681EB5CF}.Debug|Any CPU.ActiveCfg = Debug|Any CPU
		{87350002-C37E-4637-BC35-68D8681EB5CF}.Debug|Any CPU.Build.0 = Debug|Any CPU
		{87350002-C37E-4637-BC35-68D8681EB5CF}.Release|Any CPU.ActiveCfg = Release|Any CPU
		{87350002-C37E-4637-BC35-68D8681EB5CF}.Release|Any CPU.Build.0 = Release|Any CPU
		{C97F0DAF-7704-42D9-858E-BD0086374263}.Debug|Any CPU.ActiveCfg = Debug|Any CPU
		{C97F0DAF-7704-42D9-858E-BD0086374263}.Debug|Any CPU.Build.0 = Debug|Any CPU
		{C97F0DAF-7704-42D9-858E-BD0086374263}.Release|Any CPU.ActiveCfg = Release|Any CPU
		{C97F0DAF-7704-42D9-858E-BD0086374263}.Release|Any CPU.Build.0 = Release|Any CPU
	EndGlobalSection
	GlobalSection(SolutionProperties) = preSolution
		HideSolutionNode = FALSE
	EndGlobalSection
	GlobalSection(ExtensibilityGlobals) = postSolution
		SolutionGuid = {E215C4FC-7D11-42C1-B388-27B50E3E706B}
	EndGlobalSection
EndGlobal
